
Microsoft Visual Studio Solution File, Format Version 12.00
# Visual Studio Version 17
VisualStudioVersion = 17.14.36429.23 d17.14
MinimumVisualStudioVersion = 10.0.40219.1
Project("{FAE04EC0-301F-11D3-BF4B-00C04F79EFBC}") = "Jogo-De-Xadrez", "Jogo-De-Xadrez.csproj", "{21F46077-BBDC-4D07-84CE-43872DF73990}"
EndProject
Global
	GlobalSection(SolutionConfigurationPlatforms) = preSolution
		Debug|Any CPU = Debug|Any CPU
		Release|Any CPU = Release|Any CPU
	EndGlobalSection
	GlobalSection(ProjectConfigurationPlatforms) = postSolution
		{21F46077-BBDC-4D07-84CE-43872DF73990}.Debug|Any CPU.ActiveCfg = Debug|Any CPU
		{21F46077-BBDC-4D07-84CE-43872DF73990}.Debug|Any CPU.Build.0 = Debug|Any CPU
		{21F46077-BBDC-4D07-84CE-43872DF73990}.Release|Any CPU.ActiveCfg = Release|Any CPU
		{21F46077-BBDC-4D07-84CE-43872DF73990}.Release|Any CPU.Build.0 = Release|Any CPU
	EndGlobalSection
	GlobalSection(SolutionProperties) = preSolution
		HideSolutionNode = FALSE
	EndGlobalSection
	GlobalSection(ExtensibilityGlobals) = postSolution
		SolutionGuid = {D46C462D-2B11-4A57-B76F-747F1DFA3233}
	EndGlobalSection
EndGlobal
